
Microsoft Visual Studio Solution File, Format Version 12.00
# Visual Studio Version 16
VisualStudioVersion = 16.0.31424.327
MinimumVisualStudioVersion = 10.0.40219.1
Project("{FAE04EC0-301F-11D3-BF4B-00C04F79EFBC}") = "ManageStaffDBApp", "ManageStaffDBApp\ManageStaffDBApp.csproj", "{E1067893-7234-4E11-9E70-FD2EF2AA3A50}"
EndProject
Global
	GlobalSection(SolutionConfigurationPlatforms) = preSolution
		Debug|Any CPU = Debug|Any CPU
		Release|Any CPU = Release|Any CPU
	EndGlobalSection
	GlobalSection(ProjectConfigurationPlatforms) = postSolution
		{E1067893-7234-4E11-9E70-FD2EF2AA3A50}.Debug|Any CPU.ActiveCfg = Debug|Any CPU
		{E1067893-7234-4E11-9E70-FD2EF2AA3A50}.Debug|Any CPU.Build.0 = Debug|Any CPU
		{E1067893-7234-4E11-9E70-FD2EF2AA3A50}.Release|Any CPU.ActiveCfg = Release|Any CPU
		{E1067893-7234-4E11-9E70-FD2EF2AA3A50}.Release|Any CPU.Build.0 = Release|Any CPU
	EndGlobalSection
	GlobalSection(SolutionProperties) = preSolution
		HideSolutionNode = FALSE
	EndGlobalSection
	GlobalSection(ExtensibilityGlobals) = postSolution
		SolutionGuid = {44F818CF-9810-445C-BEFB-B9B6A191FD84}
	EndGlobalSection
EndGlobal
